
Microsoft Visual Studio Solution File, Format Version 12.00
# Visual Studio Version 16
VisualStudioVersion = 16.0.29613.14
MinimumVisualStudioVersion = 10.0.40219.1
Project("{FAE04EC0-301F-11D3-BF4B-00C04F79EFBC}") = "Reck_BildKomprimierung", "Reck_BildKomprimierung\Reck_BildKomprimierung.csproj", "{DA035C6C-ACE3-42A2-B913-45CFFB343280}"
EndProject
Global
	GlobalSection(SolutionConfigurationPlatforms) = preSolution
		Debug|Any CPU = Debug|Any CPU
		Release|Any CPU = Release|Any CPU
	EndGlobalSection
	GlobalSection(ProjectConfigurationPlatforms) = postSolution
		{DA035C6C-ACE3-42A2-B913-45CFFB343280}.Debug|Any CPU.ActiveCfg = Debug|Any CPU
		{DA035C6C-ACE3-42A2-B913-45CFFB343280}.Debug|Any CPU.Build.0 = Debug|Any CPU
		{DA035C6C-ACE3-42A2-B913-45CFFB343280}.Release|Any CPU.ActiveCfg = Release|Any CPU
		{DA035C6C-ACE3-42A2-B913-45CFFB343280}.Release|Any CPU.Build.0 = Release|Any CPU
	EndGlobalSection
	GlobalSection(SolutionProperties) = preSolution
		HideSolutionNode = FALSE
	EndGlobalSection
	GlobalSection(ExtensibilityGlobals) = postSolution
		SolutionGuid = {0370538B-5A8A-4748-87B6-F56C7568A585}
	EndGlobalSection
EndGlobal
